// !$*UTF8*$!
{
	archiveVersion = 1;
	classes = {
	};
	objectVersion = 46;
	objects = {

/* Begin PBXBuildFile section */
		02013648CAB543C98D8C5F7F /* CDVWKProcessPoolFactory.m in Sources */ = {isa = PBXBuildFile; fileRef = C674A30D9816432E9B1C4569 /* CDVWKProcessPoolFactory.m */; };
		0207DA581B56EA530066E2B4 /* Images.xcassets in Resources */ = {isa = PBXBuildFile; fileRef = 0207DA571B56EA530066E2B4 /* Images.xcassets */; };
		03A947664D7942989923F987 /* CustomPSPDFThreadSafeMutableDictionary.m in Sources */ = {isa = PBXBuildFile; fileRef = B1960A1DFB5D4434B2E873F0 /* CustomPSPDFThreadSafeMutableDictionary.m */; settings = {COMPILER_FLAGS = "-w"; }; };
		07C7D754A68B4A469B9EF52A /* AVFoundation.framework in Frameworks */ = {isa = PBXBuildFile; fileRef = 2DBF01C117B34A2A84EA45D1 /* AVFoundation.framework */; };
		094DF9692ECD42DA8CF158B2 /* CDVSplashScreen.m in Sources */ = {isa = PBXBuildFile; fileRef = EC6DC7CC2A754300B297506F /* CDVSplashScreen.m */; };
		0D1913A305714FC18F84E943 /* CDVDevice.m in Sources */ = {isa = PBXBuildFile; fileRef = 567EA28E8BD64F62B2B99B4F /* CDVDevice.m */; };
		1D3623260D0F684500981E51 /* AppDelegate.m in Sources */ = {isa = PBXBuildFile; fileRef = 1D3623250D0F684500981E51 /* AppDelegate.m */; };
		1D60589B0D05DD56006BFB54 /* main.m in Sources */ = {isa = PBXBuildFile; fileRef = 29B97316FDCFA39411CA2CEA /* main.m */; };
		264D3407CC0A4651A571B1E2 /* CDVWKWebViewUIDelegate.m in Sources */ = {isa = PBXBuildFile; fileRef = F1CF63C888AC45F9A1018714 /* CDVWKWebViewUIDelegate.m */; };
		2E7AD8489ED841ECAB7D686C /* SQLitePlugin.m in Sources */ = {isa = PBXBuildFile; fileRef = 554B72B865E442DEABDD2755 /* SQLitePlugin.m */; };
		301BF552109A68D80062928A /* libCordova.a in Frameworks */ = {isa = PBXBuildFile; fileRef = 301BF535109A57CC0062928A /* libCordova.a */; settings = {ATTRIBUTES = (Required, ); }; };
		302D95F114D2391D003F00A1 /* MainViewController.m in Sources */ = {isa = PBXBuildFile; fileRef = 302D95EF14D2391D003F00A1 /* MainViewController.m */; };
		302D95F214D2391D003F00A1 /* MainViewController.xib in Resources */ = {isa = PBXBuildFile; fileRef = 302D95F014D2391D003F00A1 /* MainViewController.xib */; };
		312B536F094740FA9B828095 /* GCDAsyncSocket.m in Sources */ = {isa = PBXBuildFile; fileRef = FDDBB3CFCE7C44F9A910CCC8 /* GCDAsyncSocket.m */; };
		344F5379DF5C4B34949676CA /* CDVBarcodeScanner.bundle in Resources */ = {isa = PBXBuildFile; fileRef = 5EF7295A5F0445E7A89F003D /* CDVBarcodeScanner.bundle */; };
		37EAECEF5DBB48C2A28B7FBA /* CFNetwork.framework in Frameworks */ = {isa = PBXBuildFile; fileRef = E9F06AD45B1346879DCB6C3D /* CFNetwork.framework */; };
		3CA4A7762BFC4DE3B679161B /* Security.framework in Frameworks */ = {isa = PBXBuildFile; fileRef = F345C8D579384D30B80443A5 /* Security.framework */; };
		4877164C82C3446AA9D08720 /* SystemConfiguration.framework in Frameworks */ = {isa = PBXBuildFile; fileRef = EEF0710988A3412C8F1D0121 /* SystemConfiguration.framework */; settings = {ATTRIBUTES = (Weak, ); }; };
		53E8A8B1CD3D46BA81800F2D /* CDVViewController+SplashScreen.m in Sources */ = {isa = PBXBuildFile; fileRef = 1FD7723E6BA84630BC988ED5 /* CDVViewController+SplashScreen.m */; };
		5D41872EBD304E429B032B37 /* CDVReachability.m in Sources */ = {isa = PBXBuildFile; fileRef = 65EF906A0A024AF3B1DA4465 /* CDVReachability.m */; };
		6AFF5BF91D6E424B00AB3073 /* CDVLaunchScreen.storyboard in Resources */ = {isa = PBXBuildFile; fileRef = 6AFF5BF81D6E424B00AB3073 /* CDVLaunchScreen.storyboard */; };
		72DBDFFA27EB45D6A3A0DCA8 /* sqlite3.c in Sources */ = {isa = PBXBuildFile; fileRef = 96322CD237A84A9A90DBF59F /* sqlite3.c */; settings = {COMPILER_FLAGS = "-w -DSQLITE_THREADSAFE=1 -DSQLITE_DEFAULT_SYNCHRONOUS=3 -DSQLITE_DEFAULT_MEMSTATUS=0 -DSQLITE_OMIT_DECLTYPE -DSQLITE_OMIT_DEPRECATED -DSQLITE_OMIT_PROGRESS_CALLBACK -DSQLITE_OMIT_SHARED_CACHE -DSQLITE_TEMP_STORE=2 -DSQLITE_OMIT_LOAD_EXTENSION -DSQLITE_ENABLE_FTS3 -DSQLITE_ENABLE_FTS3_PARENTHESIS -DSQLITE_ENABLE_FTS4 -DSQLITE_ENABLE_RTREE -DSQLITE_DEFAULT_PAGE_SIZE=4096"; }; };
		77B1EEDA72864D1FB00C642E /* NetworkExtension.framework in Frameworks */ = {isa = PBXBuildFile; fileRef = 37E236B521EE48EF8681DF60 /* NetworkExtension.framework */; };
		850D25A70E78484897AD7F55 /* IONAssetHandler.m in Sources */ = {isa = PBXBuildFile; fileRef = DE9BB3B718E24A3AB68B6411 /* IONAssetHandler.m */; };
		8A3520478A8D4410B847800E /* WifiWizard2.m in Sources */ = {isa = PBXBuildFile; fileRef = E8D76A7B469641D59BD5EDEA /* WifiWizard2.m */; };
		94692BF5A9C64454BBCBE3FC /* CoreTelephony.framework in Frameworks */ = {isa = PBXBuildFile; fileRef = 2248703E9E7D43E9A327BE30 /* CoreTelephony.framework */; };
		947176F535D640949E81E92F /* ChromeSocketsTcp.m in Sources */ = {isa = PBXBuildFile; fileRef = A823C094D87F401A8668815B /* ChromeSocketsTcp.m */; };
		989BF3CD6D8245A490E22E6C /* CDVConnection.m in Sources */ = {isa = PBXBuildFile; fileRef = 808AAA05408741FBA3DE2B43 /* CDVConnection.m */; };
		9C7B4D38895C432A8D59A5D5 /* CDVWKWebViewEngine.m in Sources */ = {isa = PBXBuildFile; fileRef = B5C12B3615AC4F419CCC9AA0 /* CDVWKWebViewEngine.m */; };
		9FA1193625A45D3C00BEAA2F /* ExternalAccessory.framework in Frameworks */ = {isa = PBXBuildFile; fileRef = 9FA1193525A45D3C00BEAA2F /* ExternalAccessory.framework */; };
		AE93A8D9F86345A386964679 /* WebKit.framework in Frameworks */ = {isa = PBXBuildFile; fileRef = D11AD341B444443E8810D8B5 /* WebKit.framework */; settings = {ATTRIBUTES = (Weak, ); }; };
		B4C006C68E5B4616A5532D1D /* GCDAsyncUdpSocket.m in Sources */ = {isa = PBXBuildFile; fileRef = 87464C3EF31947039C69B391 /* GCDAsyncUdpSocket.m */; };
		B545A4DB91A84AB096C160C0 /* scannerOverlay.xib in Resources */ = {isa = PBXBuildFile; fileRef = 03CA955C2FA94807ABC0D33F /* scannerOverlay.xib */; };
		C15A693B1FFD4388B577452E /* CDVStatusBar.m in Sources */ = {isa = PBXBuildFile; fileRef = 68DC809EDFF148B89ADEADA6 /* CDVStatusBar.m */; };
		C2AEAAFE4EF04B169412CC62 /* AudioToolbox.framework in Frameworks */ = {isa = PBXBuildFile; fileRef = FE79307C8E0848918FAA8220 /* AudioToolbox.framework */; };
		E3BEDFF58F7042058CD48764 /* CDVBarcodeScanner.mm in Sources */ = {isa = PBXBuildFile; fileRef = D2D2E77BF77F400187F1B4B0 /* CDVBarcodeScanner.mm */; };
		EE1816E6749748D7B1DE2611 /* CDVLocation.m in Sources */ = {isa = PBXBuildFile; fileRef = 94AFBD6B4105476E838EB593 /* CDVLocation.m */; };
		EEBF6AC32F1246D79A0D221E /* CoreLocation.framework in Frameworks */ = {isa = PBXBuildFile; fileRef = 95ED7A0EF3024B6393987C0E /* CoreLocation.framework */; };
		F7DB0756957E4A94ACDD58E6 /* CDVIonicKeyboard.m in Sources */ = {isa = PBXBuildFile; fileRef = 12538E466CCF4CE99D20C6A3 /* CDVIonicKeyboard.m */; };
/* End PBXBuildFile section */

/* Begin PBXContainerItemProxy section */
		301BF534109A57CC0062928A /* PBXContainerItemProxy */ = {
			isa = PBXContainerItemProxy;
			containerPortal = 301BF52D109A57CC0062928A /* CordovaLib.xcodeproj */;
			proxyType = 2;
			remoteGlobalIDString = D2AAC07E0554694100DB518D;
			remoteInfo = CordovaLib;
		};
		301BF550109A68C00062928A /* PBXContainerItemProxy */ = {
			isa = PBXContainerItemProxy;
			containerPortal = 301BF52D109A57CC0062928A /* CordovaLib.xcodeproj */;
			proxyType = 1;
			remoteGlobalIDString = D2AAC07D0554694100DB518D;
			remoteInfo = CordovaLib;
		};
		907D8123214C687600058A10 /* PBXContainerItemProxy */ = {
			isa = PBXContainerItemProxy;
			containerPortal = 301BF52D109A57CC0062928A /* CordovaLib.xcodeproj */;
			proxyType = 2;
			remoteGlobalIDString = C0C01EB21E3911D50056E6CB;
			remoteInfo = Cordova;
		};
/* End PBXContainerItemProxy section */

/* Begin PBXFileReference section */
		0207DA571B56EA530066E2B4 /* Images.xcassets */ = {isa = PBXFileReference; lastKnownFileType = folder.assetcatalog; name = Images.xcassets; path = biobeltMobile/Images.xcassets; sourceTree = SOURCE_ROOT; };
		03CA955C2FA94807ABC0D33F /* scannerOverlay.xib */ = {isa = PBXFileReference; explicitFileType = undefined; fileEncoding = 9; includeInIndex = 0; lastKnownFileType = file.xib; path = scannerOverlay.xib; sourceTree = "<group>"; };
		12538E466CCF4CE99D20C6A3 /* CDVIonicKeyboard.m */ = {isa = PBXFileReference; explicitFileType = undefined; fileEncoding = 4; includeInIndex = 0; lastKnownFileType = sourcecode.c.objc; name = CDVIonicKeyboard.m; path = "cordova-plugin-ionic-keyboard/CDVIonicKeyboard.m"; sourceTree = "<group>"; };
		1596A868B7724AF9A34FFF8D /* CDVWKWebViewEngine.h */ = {isa = PBXFileReference; explicitFileType = undefined; fileEncoding = 4; includeInIndex = 0; lastKnownFileType = sourcecode.c.h; name = CDVWKWebViewEngine.h; path = "cordova-plugin-ionic-webview/CDVWKWebViewEngine.h"; sourceTree = "<group>"; };
		169D82686FDE4002AB0D8E7C /* SQLitePlugin.h */ = {isa = PBXFileReference; explicitFileType = undefined; fileEncoding = 4; includeInIndex = 0; lastKnownFileType = sourcecode.c.h; name = SQLitePlugin.h; path = "cordova-sqlite-storage/SQLitePlugin.h"; sourceTree = "<group>"; };
		1CCF011E73564B3282A8ABD4 /* CDVSplashScreen.h */ = {isa = PBXFileReference; explicitFileType = undefined; fileEncoding = 4; includeInIndex = 0; lastKnownFileType = sourcecode.c.h; name = CDVSplashScreen.h; path = "cordova-plugin-splashscreen/CDVSplashScreen.h"; sourceTree = "<group>"; };
		1D3623240D0F684500981E51 /* AppDelegate.h */ = {isa = PBXFileReference; fileEncoding = 4; lastKnownFileType = sourcecode.c.h; path = AppDelegate.h; sourceTree = "<group>"; };
		1D3623250D0F684500981E51 /* AppDelegate.m */ = {isa = PBXFileReference; fileEncoding = 4; lastKnownFileType = sourcecode.c.objc; path = AppDelegate.m; sourceTree = "<group>"; };
		1D6058910D05DD3D006BFB54 /* biobeltMobile.app */ = {isa = PBXFileReference; explicitFileType = wrapper.application; includeInIndex = 0; path = biobeltMobile.app; sourceTree = BUILT_PRODUCTS_DIR; };
		1F582C0A135E4C2AB0FF6CC5 /* CDVLocation.h */ = {isa = PBXFileReference; explicitFileType = undefined; fileEncoding = 4; includeInIndex = 0; lastKnownFileType = sourcecode.c.h; name = CDVLocation.h; path = "cordova-plugin-geolocation/CDVLocation.h"; sourceTree = "<group>"; };
		1FD7723E6BA84630BC988ED5 /* CDVViewController+SplashScreen.m */ = {isa = PBXFileReference; explicitFileType = undefined; fileEncoding = 4; includeInIndex = 0; lastKnownFileType = sourcecode.c.objc; name = "CDVViewController+SplashScreen.m"; path = "cordova-plugin-splashscreen/CDVViewController+SplashScreen.m"; sourceTree = "<group>"; };
		2248703E9E7D43E9A327BE30 /* CoreTelephony.framework */ = {isa = PBXFileReference; explicitFileType = undefined; fileEncoding = 9; includeInIndex = 0; lastKnownFileType = wrapper.framework; name = CoreTelephony.framework; path = System/Library/Frameworks/CoreTelephony.framework; sourceTree = SDKROOT; };
		29B97316FDCFA39411CA2CEA /* main.m */ = {isa = PBXFileReference; fileEncoding = 4; lastKnownFileType = sourcecode.c.objc; path = main.m; sourceTree = "<group>"; };
		2DBF01C117B34A2A84EA45D1 /* AVFoundation.framework */ = {isa = PBXFileReference; explicitFileType = undefined; fileEncoding = 9; includeInIndex = 0; lastKnownFileType = wrapper.framework; name = AVFoundation.framework; path = System/Library/Frameworks/AVFoundation.framework; sourceTree = SDKROOT; };
		301BF52D109A57CC0062928A /* CordovaLib.xcodeproj */ = {isa = PBXFileReference; lastKnownFileType = "wrapper.pb-project"; name = CordovaLib.xcodeproj; path = CordovaLib/CordovaLib.xcodeproj; sourceTree = "<group>"; };
		301BF56E109A69640062928A /* www */ = {isa = PBXFileReference; lastKnownFileType = folder; path = www; sourceTree = SOURCE_ROOT; };
		302D95EE14D2391D003F00A1 /* MainViewController.h */ = {isa = PBXFileReference; fileEncoding = 4; lastKnownFileType = sourcecode.c.h; path = MainViewController.h; sourceTree = "<group>"; };
		302D95EF14D2391D003F00A1 /* MainViewController.m */ = {isa = PBXFileReference; fileEncoding = 4; lastKnownFileType = sourcecode.c.objc; path = MainViewController.m; sourceTree = "<group>"; };
		302D95F014D2391D003F00A1 /* MainViewController.xib */ = {isa = PBXFileReference; fileEncoding = 4; lastKnownFileType = file.xib; path = MainViewController.xib; sourceTree = "<group>"; };
		3047A50F1AB8059700498E2A /* build-debug.xcconfig */ = {isa = PBXFileReference; fileEncoding = 4; lastKnownFileType = text.xcconfig; name = "build-debug.xcconfig"; path = "cordova/build-debug.xcconfig"; sourceTree = SOURCE_ROOT; };
		3047A5101AB8059700498E2A /* build-release.xcconfig */ = {isa = PBXFileReference; fileEncoding = 4; lastKnownFileType = text.xcconfig; name = "build-release.xcconfig"; path = "cordova/build-release.xcconfig"; sourceTree = SOURCE_ROOT; };
		3047A5111AB8059700498E2A /* build.xcconfig */ = {isa = PBXFileReference; fileEncoding = 4; lastKnownFileType = text.xcconfig; name = build.xcconfig; path = cordova/build.xcconfig; sourceTree = SOURCE_ROOT; };
		32CA4F630368D1EE00C91783 /* biobeltMobile-Prefix.pch */ = {isa = PBXFileReference; fileEncoding = 4; lastKnownFileType = sourcecode.c.h; path = "biobeltMobile-Prefix.pch"; sourceTree = "<group>"; };
		37E236B521EE48EF8681DF60 /* NetworkExtension.framework */ = {isa = PBXFileReference; explicitFileType = undefined; fileEncoding = 9; includeInIndex = 0; lastKnownFileType = wrapper.framework; name = NetworkExtension.framework; path = System/Library/Frameworks/NetworkExtension.framework; sourceTree = SDKROOT; };
		4FF940CFEABA42AEA71F7FD6 /* CDVReachability.h */ = {isa = PBXFileReference; explicitFileType = undefined; fileEncoding = 4; includeInIndex = 0; lastKnownFileType = sourcecode.c.h; name = CDVReachability.h; path = "cordova-plugin-network-information/CDVReachability.h"; sourceTree = "<group>"; };
		554B72B865E442DEABDD2755 /* SQLitePlugin.m */ = {isa = PBXFileReference; explicitFileType = undefined; fileEncoding = 4; includeInIndex = 0; lastKnownFileType = sourcecode.c.objc; name = SQLitePlugin.m; path = "cordova-sqlite-storage/SQLitePlugin.m"; sourceTree = "<group>"; };
		567EA28E8BD64F62B2B99B4F /* CDVDevice.m */ = {isa = PBXFileReference; explicitFileType = undefined; fileEncoding = 4; includeInIndex = 0; lastKnownFileType = sourcecode.c.objc; name = CDVDevice.m; path = "cordova-plugin-device/CDVDevice.m"; sourceTree = "<group>"; };
		599967B43A1546448A3C8FB7 /* WifiWizard2.h */ = {isa = PBXFileReference; explicitFileType = undefined; fileEncoding = 4; includeInIndex = 0; lastKnownFileType = sourcecode.c.h; name = WifiWizard2.h; path = wifiwizard2/WifiWizard2.h; sourceTree = "<group>"; };
		5C4F15F0A51649DA94D1C30B /* IONAssetHandler.h */ = {isa = PBXFileReference; explicitFileType = undefined; fileEncoding = 4; includeInIndex = 0; lastKnownFileType = sourcecode.c.h; name = IONAssetHandler.h; path = "cordova-plugin-ionic-webview/IONAssetHandler.h"; sourceTree = "<group>"; };
		5EF7295A5F0445E7A89F003D /* CDVBarcodeScanner.bundle */ = {isa = PBXFileReference; explicitFileType = undefined; fileEncoding = 9; includeInIndex = 0; lastKnownFileType = "wrapper.plug-in"; path = CDVBarcodeScanner.bundle; sourceTree = "<group>"; };
		65EF906A0A024AF3B1DA4465 /* CDVReachability.m */ = {isa = PBXFileReference; explicitFileType = undefined; fileEncoding = 4; includeInIndex = 0; lastKnownFileType = sourcecode.c.objc; name = CDVReachability.m; path = "cordova-plugin-network-information/CDVReachability.m"; sourceTree = "<group>"; };
		68DC809EDFF148B89ADEADA6 /* CDVStatusBar.m */ = {isa = PBXFileReference; explicitFileType = undefined; fileEncoding = 4; includeInIndex = 0; lastKnownFileType = sourcecode.c.objc; name = CDVStatusBar.m; path = "cordova-plugin-statusbar/CDVStatusBar.m"; sourceTree = "<group>"; };
		6AFF5BF81D6E424B00AB3073 /* CDVLaunchScreen.storyboard */ = {isa = PBXFileReference; fileEncoding = 4; lastKnownFileType = file.storyboard; name = CDVLaunchScreen.storyboard; path = biobeltMobile/CDVLaunchScreen.storyboard; sourceTree = SOURCE_ROOT; };
		808AAA05408741FBA3DE2B43 /* CDVConnection.m */ = {isa = PBXFileReference; explicitFileType = undefined; fileEncoding = 4; includeInIndex = 0; lastKnownFileType = sourcecode.c.objc; name = CDVConnection.m; path = "cordova-plugin-network-information/CDVConnection.m"; sourceTree = "<group>"; };
		87464C3EF31947039C69B391 /* GCDAsyncUdpSocket.m */ = {isa = PBXFileReference; explicitFileType = undefined; fileEncoding = 4; includeInIndex = 0; lastKnownFileType = sourcecode.c.objc; name = GCDAsyncUdpSocket.m; path = "cordova-plugin-chrome-apps-iossocketscommon/GCDAsyncUdpSocket.m"; sourceTree = "<group>"; };
		8D1107310486CEB800E47090 /* biobeltMobile-Info.plist */ = {isa = PBXFileReference; fileEncoding = 4; lastKnownFileType = text.plist.xml; name = "biobeltMobile-Info.plist"; path = "biobeltMobile/biobeltMobile-Info.plist"; plistStructureDefinitionIdentifier = "com.apple.xcode.plist.structure-definition.iphone.info-plist"; sourceTree = SOURCE_ROOT; };
		90BC0754EC4843B5B1F6670A /* CDVDevice.h */ = {isa = PBXFileReference; explicitFileType = undefined; fileEncoding = 4; includeInIndex = 0; lastKnownFileType = sourcecode.c.h; name = CDVDevice.h; path = "cordova-plugin-device/CDVDevice.h"; sourceTree = "<group>"; };
		94AFBD6B4105476E838EB593 /* CDVLocation.m */ = {isa = PBXFileReference; explicitFileType = undefined; fileEncoding = 4; includeInIndex = 0; lastKnownFileType = sourcecode.c.objc; name = CDVLocation.m; path = "cordova-plugin-geolocation/CDVLocation.m"; sourceTree = "<group>"; };
		95ED7A0EF3024B6393987C0E /* CoreLocation.framework */ = {isa = PBXFileReference; explicitFileType = undefined; fileEncoding = 9; includeInIndex = 0; lastKnownFileType = wrapper.framework; name = CoreLocation.framework; path = System/Library/Frameworks/CoreLocation.framework; sourceTree = SDKROOT; };
		96322CD237A84A9A90DBF59F /* sqlite3.c */ = {isa = PBXFileReference; explicitFileType = undefined; fileEncoding = 9; includeInIndex = 0; lastKnownFileType = unknown; name = sqlite3.c; path = "cordova-sqlite-storage/sqlite3.c"; sourceTree = "<group>"; };
		971143A062A747FA931EA6AA /* CDVWKWebViewUIDelegate.h */ = {isa = PBXFileReference; explicitFileType = undefined; fileEncoding = 4; includeInIndex = 0; lastKnownFileType = sourcecode.c.h; name = CDVWKWebViewUIDelegate.h; path = "cordova-plugin-ionic-webview/CDVWKWebViewUIDelegate.h"; sourceTree = "<group>"; };
		9FA1193525A45D3C00BEAA2F /* ExternalAccessory.framework */ = {isa = PBXFileReference; lastKnownFileType = wrapper.framework; name = ExternalAccessory.framework; path = System/Library/Frameworks/ExternalAccessory.framework; sourceTree = SDKROOT; };
		A823C094D87F401A8668815B /* ChromeSocketsTcp.m */ = {isa = PBXFileReference; explicitFileType = undefined; fileEncoding = 4; includeInIndex = 0; lastKnownFileType = sourcecode.c.objc; name = ChromeSocketsTcp.m; path = "cordova-plugin-chrome-apps-sockets-tcp/ChromeSocketsTcp.m"; sourceTree = "<group>"; };
		AA81064881C940C48AA5E923 /* GCDAsyncSocket.h */ = {isa = PBXFileReference; explicitFileType = undefined; fileEncoding = 4; includeInIndex = 0; lastKnownFileType = sourcecode.c.h; name = GCDAsyncSocket.h; path = "cordova-plugin-chrome-apps-iossocketscommon/GCDAsyncSocket.h"; sourceTree = "<group>"; };
		AC8138845E0C4DF2A7EC7EBE /* CDVViewController+SplashScreen.h */ = {isa = PBXFileReference; explicitFileType = undefined; fileEncoding = 4; includeInIndex = 0; lastKnownFileType = sourcecode.c.h; name = "CDVViewController+SplashScreen.h"; path = "cordova-plugin-splashscreen/CDVViewController+SplashScreen.h"; sourceTree = "<group>"; };
		B1960A1DFB5D4434B2E873F0 /* CustomPSPDFThreadSafeMutableDictionary.m */ = {isa = PBXFileReference; explicitFileType = undefined; fileEncoding = 4; includeInIndex = 0; lastKnownFileType = sourcecode.c.objc; name = CustomPSPDFThreadSafeMutableDictionary.m; path = "cordova-sqlite-storage/CustomPSPDFThreadSafeMutableDictionary.m"; sourceTree = "<group>"; };
		B5C12B3615AC4F419CCC9AA0 /* CDVWKWebViewEngine.m */ = {isa = PBXFileReference; explicitFileType = undefined; fileEncoding = 4; includeInIndex = 0; lastKnownFileType = sourcecode.c.objc; name = CDVWKWebViewEngine.m; path = "cordova-plugin-ionic-webview/CDVWKWebViewEngine.m"; sourceTree = "<group>"; };
		C674A30D9816432E9B1C4569 /* CDVWKProcessPoolFactory.m */ = {isa = PBXFileReference; explicitFileType = undefined; fileEncoding = 4; includeInIndex = 0; lastKnownFileType = sourcecode.c.objc; name = CDVWKProcessPoolFactory.m; path = "cordova-plugin-ionic-webview/CDVWKProcessPoolFactory.m"; sourceTree = "<group>"; };
		C8E741044DCD42EC907A8477 /* ChromeSocketsTcp.h */ = {isa = PBXFileReference; explicitFileType = undefined; fileEncoding = 4; includeInIndex = 0; lastKnownFileType = sourcecode.c.h; name = ChromeSocketsTcp.h; path = "cordova-plugin-chrome-apps-sockets-tcp/ChromeSocketsTcp.h"; sourceTree = "<group>"; };
		CAA1E7A78EB14E12852E7CA3 /* CDVWKProcessPoolFactory.h */ = {isa = PBXFileReference; explicitFileType = undefined; fileEncoding = 4; includeInIndex = 0; lastKnownFileType = sourcecode.c.h; name = CDVWKProcessPoolFactory.h; path = "cordova-plugin-ionic-webview/CDVWKProcessPoolFactory.h"; sourceTree = "<group>"; };
		D11AD341B444443E8810D8B5 /* WebKit.framework */ = {isa = PBXFileReference; explicitFileType = undefined; fileEncoding = 9; includeInIndex = 0; lastKnownFileType = wrapper.framework; name = WebKit.framework; path = System/Library/Frameworks/WebKit.framework; sourceTree = SDKROOT; };
		D2D2E77BF77F400187F1B4B0 /* CDVBarcodeScanner.mm */ = {isa = PBXFileReference; explicitFileType = undefined; fileEncoding = 9; includeInIndex = 0; lastKnownFileType = unknown; name = CDVBarcodeScanner.mm; path = "phonegap-plugin-barcodescanner/CDVBarcodeScanner.mm"; sourceTree = "<group>"; };
		D5CD18FB333F4AEF955E78BE /* CDVIonicKeyboard.h */ = {isa = PBXFileReference; explicitFileType = undefined; fileEncoding = 4; includeInIndex = 0; lastKnownFileType = sourcecode.c.h; name = CDVIonicKeyboard.h; path = "cordova-plugin-ionic-keyboard/CDVIonicKeyboard.h"; sourceTree = "<group>"; };
		D96F682BFBFA40328032F664 /* sqlite3.h */ = {isa = PBXFileReference; explicitFileType = undefined; fileEncoding = 4; includeInIndex = 0; lastKnownFileType = sourcecode.c.h; name = sqlite3.h; path = "cordova-sqlite-storage/sqlite3.h"; sourceTree = "<group>"; };
		DAEAF6D6892B40D583C7338A /* CDVConnection.h */ = {isa = PBXFileReference; explicitFileType = undefined; fileEncoding = 4; includeInIndex = 0; lastKnownFileType = sourcecode.c.h; name = CDVConnection.h; path = "cordova-plugin-network-information/CDVConnection.h"; sourceTree = "<group>"; };
		DE9BB3B718E24A3AB68B6411 /* IONAssetHandler.m */ = {isa = PBXFileReference; explicitFileType = undefined; fileEncoding = 4; includeInIndex = 0; lastKnownFileType = sourcecode.c.objc; name = IONAssetHandler.m; path = "cordova-plugin-ionic-webview/IONAssetHandler.m"; sourceTree = "<group>"; };
		E8D76A7B469641D59BD5EDEA /* WifiWizard2.m */ = {isa = PBXFileReference; explicitFileType = undefined; fileEncoding = 4; includeInIndex = 0; lastKnownFileType = sourcecode.c.objc; name = WifiWizard2.m; path = wifiwizard2/WifiWizard2.m; sourceTree = "<group>"; };
		E9F06AD45B1346879DCB6C3D /* CFNetwork.framework */ = {isa = PBXFileReference; explicitFileType = undefined; fileEncoding = 9; includeInIndex = 0; lastKnownFileType = wrapper.framework; name = CFNetwork.framework; path = System/Library/Frameworks/CFNetwork.framework; sourceTree = SDKROOT; };
		EB87FDF31871DA8E0020F90C /* www */ = {isa = PBXFileReference; lastKnownFileType = folder; name = www; path = ../../www; sourceTree = "<group>"; };
		EB87FDF41871DAF40020F90C /* config.xml */ = {isa = PBXFileReference; lastKnownFileType = text.xml; name = config.xml; path = ../../config.xml; sourceTree = "<group>"; };
		EC6DC7CC2A754300B297506F /* CDVSplashScreen.m */ = {isa = PBXFileReference; explicitFileType = undefined; fileEncoding = 4; includeInIndex = 0; lastKnownFileType = sourcecode.c.objc; name = CDVSplashScreen.m; path = "cordova-plugin-splashscreen/CDVSplashScreen.m"; sourceTree = "<group>"; };
		ED33DF2A687741AEAF9F8254 /* Bridging-Header.h */ = {isa = PBXFileReference; fileEncoding = 4; lastKnownFileType = sourcecode.c.h; path = "Bridging-Header.h"; sourceTree = "<group>"; };
		EEF0710988A3412C8F1D0121 /* SystemConfiguration.framework */ = {isa = PBXFileReference; explicitFileType = undefined; fileEncoding = 9; includeInIndex = 0; lastKnownFileType = wrapper.framework; name = SystemConfiguration.framework; path = System/Library/Frameworks/SystemConfiguration.framework; sourceTree = SDKROOT; };
		EFC0415DB7134721AD72AD44 /* CDVStatusBar.h */ = {isa = PBXFileReference; explicitFileType = undefined; fileEncoding = 4; includeInIndex = 0; lastKnownFileType = sourcecode.c.h; name = CDVStatusBar.h; path = "cordova-plugin-statusbar/CDVStatusBar.h"; sourceTree = "<group>"; };
		F1CF63C888AC45F9A1018714 /* CDVWKWebViewUIDelegate.m */ = {isa = PBXFileReference; explicitFileType = undefined; fileEncoding = 4; includeInIndex = 0; lastKnownFileType = sourcecode.c.objc; name = CDVWKWebViewUIDelegate.m; path = "cordova-plugin-ionic-webview/CDVWKWebViewUIDelegate.m"; sourceTree = "<group>"; };
		F345C8D579384D30B80443A5 /* Security.framework */ = {isa = PBXFileReference; explicitFileType = undefined; fileEncoding = 9; includeInIndex = 0; lastKnownFileType = wrapper.framework; name = Security.framework; path = System/Library/Frameworks/Security.framework; sourceTree = SDKROOT; };
		F840E1F0165FE0F500CFE078 /* config.xml */ = {isa = PBXFileReference; lastKnownFileType = text.xml; name = config.xml; path = biobeltMobile/config.xml; sourceTree = "<group>"; };
		FDDBB3CFCE7C44F9A910CCC8 /* GCDAsyncSocket.m */ = {isa = PBXFileReference; explicitFileType = undefined; fileEncoding = 4; includeInIndex = 0; lastKnownFileType = sourcecode.c.objc; name = GCDAsyncSocket.m; path = "cordova-plugin-chrome-apps-iossocketscommon/GCDAsyncSocket.m"; sourceTree = "<group>"; };
		FE64769EEEB24FE58E8F7D3A /* GCDAsyncUdpSocket.h */ = {isa = PBXFileReference; explicitFileType = undefined; fileEncoding = 4; includeInIndex = 0; lastKnownFileType = sourcecode.c.h; name = GCDAsyncUdpSocket.h; path = "cordova-plugin-chrome-apps-iossocketscommon/GCDAsyncUdpSocket.h"; sourceTree = "<group>"; };
		FE79307C8E0848918FAA8220 /* AudioToolbox.framework */ = {isa = PBXFileReference; explicitFileType = undefined; fileEncoding = 9; includeInIndex = 0; lastKnownFileType = wrapper.framework; name = AudioToolbox.framework; path = System/Library/Frameworks/AudioToolbox.framework; sourceTree = SDKROOT; };
/* End PBXFileReference section */

/* Begin PBXFrameworksBuildPhase section */
		1D60588F0D05DD3D006BFB54 /* Frameworks */ = {
			isa = PBXFrameworksBuildPhase;
			buildActionMask = 2147483647;
			files = (
				301BF552109A68D80062928A /* libCordova.a in Frameworks */,
				3CA4A7762BFC4DE3B679161B /* Security.framework in Frameworks */,
				37EAECEF5DBB48C2A28B7FBA /* CFNetwork.framework in Frameworks */,
				AE93A8D9F86345A386964679 /* WebKit.framework in Frameworks */,
				07C7D754A68B4A469B9EF52A /* AVFoundation.framework in Frameworks */,
				C2AEAAFE4EF04B169412CC62 /* AudioToolbox.framework in Frameworks */,
				9FA1193625A45D3C00BEAA2F /* ExternalAccessory.framework in Frameworks */,
				4877164C82C3446AA9D08720 /* SystemConfiguration.framework in Frameworks */,
				94692BF5A9C64454BBCBE3FC /* CoreTelephony.framework in Frameworks */,
				77B1EEDA72864D1FB00C642E /* NetworkExtension.framework in Frameworks */,
				EEBF6AC32F1246D79A0D221E /* CoreLocation.framework in Frameworks */,
			);
			runOnlyForDeploymentPostprocessing = 0;
		};
/* End PBXFrameworksBuildPhase section */

/* Begin PBXGroup section */
		080E96DDFE201D6D7F000001 /* Classes */ = {
			isa = PBXGroup;
			children = (
				302D95EE14D2391D003F00A1 /* MainViewController.h */,
				302D95EF14D2391D003F00A1 /* MainViewController.m */,
				302D95F014D2391D003F00A1 /* MainViewController.xib */,
				1D3623240D0F684500981E51 /* AppDelegate.h */,
				1D3623250D0F684500981E51 /* AppDelegate.m */,
			);
			name = Classes;
			path = biobeltMobile/Classes;
			sourceTree = SOURCE_ROOT;
		};
		19C28FACFE9D520D11CA2CBB /* Products */ = {
			isa = PBXGroup;
			children = (
				1D6058910D05DD3D006BFB54 /* biobeltMobile.app */,
			);
			name = Products;
			sourceTree = "<group>";
		};
		29B97314FDCFA39411CA2CEA /* CustomTemplate */ = {
			isa = PBXGroup;
			children = (
				EB87FDF41871DAF40020F90C /* config.xml */,
				EB87FDF31871DA8E0020F90C /* www */,
				EB87FDF11871DA420020F90C /* Staging */,
				301BF52D109A57CC0062928A /* CordovaLib.xcodeproj */,
				080E96DDFE201D6D7F000001 /* Classes */,
				307C750510C5A3420062BCA9 /* Plugins */,
				29B97315FDCFA39411CA2CEA /* Other Sources */,
				29B97317FDCFA39411CA2CEA /* Resources */,
				29B97323FDCFA39411CA2CEA /* Frameworks */,
				19C28FACFE9D520D11CA2CBB /* Products */,
			);
			name = CustomTemplate;
			sourceTree = "<group>";
		};
		29B97315FDCFA39411CA2CEA /* Other Sources */ = {
			isa = PBXGroup;
			children = (
				32CA4F630368D1EE00C91783 /* biobeltMobile-Prefix.pch */,
				29B97316FDCFA39411CA2CEA /* main.m */,
				ED33DF2A687741AEAF9F8254 /* Bridging-Header.h */,
			);
			name = "Other Sources";
			path = biobeltMobile;
			sourceTree = "<group>";
		};
		29B97317FDCFA39411CA2CEA /* Resources */ = {
			isa = PBXGroup;
			children = (
				0207DA571B56EA530066E2B4 /* Images.xcassets */,
				3047A50E1AB8057F00498E2A /* config */,
				8D1107310486CEB800E47090 /* biobeltMobile-Info.plist */,
				6AFF5BF81D6E424B00AB3073 /* CDVLaunchScreen.storyboard */,
				03CA955C2FA94807ABC0D33F /* scannerOverlay.xib */,
				5EF7295A5F0445E7A89F003D /* CDVBarcodeScanner.bundle */,
			);
			name = Resources;
			path = biobeltMobile/Resources;
			sourceTree = "<group>";
		};
		29B97323FDCFA39411CA2CEA /* Frameworks */ = {
			isa = PBXGroup;
			children = (
				9FA1193525A45D3C00BEAA2F /* ExternalAccessory.framework */,
				F345C8D579384D30B80443A5 /* Security.framework */,
				E9F06AD45B1346879DCB6C3D /* CFNetwork.framework */,
				D11AD341B444443E8810D8B5 /* WebKit.framework */,
				2DBF01C117B34A2A84EA45D1 /* AVFoundation.framework */,
				FE79307C8E0848918FAA8220 /* AudioToolbox.framework */,
				EEF0710988A3412C8F1D0121 /* SystemConfiguration.framework */,
				2248703E9E7D43E9A327BE30 /* CoreTelephony.framework */,
				37E236B521EE48EF8681DF60 /* NetworkExtension.framework */,
				95ED7A0EF3024B6393987C0E /* CoreLocation.framework */,
			);
			name = Frameworks;
			sourceTree = "<group>";
		};
		301BF52E109A57CC0062928A /* Products */ = {
			isa = PBXGroup;
			children = (
				301BF535109A57CC0062928A /* libCordova.a */,
				907D8124214C687600058A10 /* Cordova.framework */,
			);
			name = Products;
			sourceTree = "<group>";
		};
		3047A50E1AB8057F00498E2A /* config */ = {
			isa = PBXGroup;
			children = (
				3047A50F1AB8059700498E2A /* build-debug.xcconfig */,
				3047A5101AB8059700498E2A /* build-release.xcconfig */,
				3047A5111AB8059700498E2A /* build.xcconfig */,
			);
			name = config;
			sourceTree = "<group>";
		};
		307C750510C5A3420062BCA9 /* Plugins */ = {
			isa = PBXGroup;
			children = (
				FDDBB3CFCE7C44F9A910CCC8 /* GCDAsyncSocket.m */,
				87464C3EF31947039C69B391 /* GCDAsyncUdpSocket.m */,
				AA81064881C940C48AA5E923 /* GCDAsyncSocket.h */,
				FE64769EEEB24FE58E8F7D3A /* GCDAsyncUdpSocket.h */,
				A823C094D87F401A8668815B /* ChromeSocketsTcp.m */,
				C8E741044DCD42EC907A8477 /* ChromeSocketsTcp.h */,
				567EA28E8BD64F62B2B99B4F /* CDVDevice.m */,
				90BC0754EC4843B5B1F6670A /* CDVDevice.h */,
				12538E466CCF4CE99D20C6A3 /* CDVIonicKeyboard.m */,
				D5CD18FB333F4AEF955E78BE /* CDVIonicKeyboard.h */,
				B5C12B3615AC4F419CCC9AA0 /* CDVWKWebViewEngine.m */,
				F1CF63C888AC45F9A1018714 /* CDVWKWebViewUIDelegate.m */,
				C674A30D9816432E9B1C4569 /* CDVWKProcessPoolFactory.m */,
				DE9BB3B718E24A3AB68B6411 /* IONAssetHandler.m */,
				1596A868B7724AF9A34FFF8D /* CDVWKWebViewEngine.h */,
				971143A062A747FA931EA6AA /* CDVWKWebViewUIDelegate.h */,
				CAA1E7A78EB14E12852E7CA3 /* CDVWKProcessPoolFactory.h */,
				5C4F15F0A51649DA94D1C30B /* IONAssetHandler.h */,
				EC6DC7CC2A754300B297506F /* CDVSplashScreen.m */,
				1FD7723E6BA84630BC988ED5 /* CDVViewController+SplashScreen.m */,
				1CCF011E73564B3282A8ABD4 /* CDVSplashScreen.h */,
				AC8138845E0C4DF2A7EC7EBE /* CDVViewController+SplashScreen.h */,
				68DC809EDFF148B89ADEADA6 /* CDVStatusBar.m */,
				EFC0415DB7134721AD72AD44 /* CDVStatusBar.h */,
				554B72B865E442DEABDD2755 /* SQLitePlugin.m */,
				B1960A1DFB5D4434B2E873F0 /* CustomPSPDFThreadSafeMutableDictionary.m */,
				96322CD237A84A9A90DBF59F /* sqlite3.c */,
				169D82686FDE4002AB0D8E7C /* SQLitePlugin.h */,
				D96F682BFBFA40328032F664 /* sqlite3.h */,
				D2D2E77BF77F400187F1B4B0 /* CDVBarcodeScanner.mm */,
				808AAA05408741FBA3DE2B43 /* CDVConnection.m */,
				65EF906A0A024AF3B1DA4465 /* CDVReachability.m */,
				DAEAF6D6892B40D583C7338A /* CDVConnection.h */,
				4FF940CFEABA42AEA71F7FD6 /* CDVReachability.h */,
				E8D76A7B469641D59BD5EDEA /* WifiWizard2.m */,
				599967B43A1546448A3C8FB7 /* WifiWizard2.h */,
				94AFBD6B4105476E838EB593 /* CDVLocation.m */,
				1F582C0A135E4C2AB0FF6CC5 /* CDVLocation.h */,
			);
			name = Plugins;
			path = biobeltMobile/Plugins;
			sourceTree = SOURCE_ROOT;
		};
		EB87FDF11871DA420020F90C /* Staging */ = {
			isa = PBXGroup;
			children = (
				F840E1F0165FE0F500CFE078 /* config.xml */,
				301BF56E109A69640062928A /* www */,
			);
			name = Staging;
			sourceTree = "<group>";
		};
/* End PBXGroup section */

/* Begin PBXNativeTarget section */
		1D6058900D05DD3D006BFB54 /* biobeltMobile */ = {
			isa = PBXNativeTarget;
			buildConfigurationList = 1D6058960D05DD3E006BFB54 /* Build configuration list for PBXNativeTarget "biobeltMobile" */;
			buildPhases = (
				304B58A110DAC018002A0835 /* Copy www directory */,
				1D60588D0D05DD3D006BFB54 /* Resources */,
				1D60588E0D05DD3D006BFB54 /* Sources */,
				1D60588F0D05DD3D006BFB54 /* Frameworks */,
			);
			buildRules = (
			);
			dependencies = (
				301BF551109A68C00062928A /* PBXTargetDependency */,
			);
			name = biobeltMobile;
			productName = biobeltMobile;
			productReference = 1D6058910D05DD3D006BFB54 /* biobeltMobile.app */;
			productType = "com.apple.product-type.application";
		};
/* End PBXNativeTarget section */

/* Begin PBXProject section */
		29B97313FDCFA39411CA2CEA /* Project object */ = {
			isa = PBXProject;
			attributes = {
				KnownAssetTags = (
					New,
				);
				LastUpgradeCheck = 510;
				TargetAttributes = {
					1D6058900D05DD3D006BFB54 = {
						DevelopmentTeam = EFM6KH9MPU;
						ProvisioningStyle = Automatic;
					};
				};
			};
			buildConfigurationList = C01FCF4E08A954540054247B /* Build configuration list for PBXProject "biobeltMobile" */;
			compatibilityVersion = "Xcode 3.2";
			developmentRegion = English;
			hasScannedForEncodings = 1;
			knownRegions = (
				English,
				en,
				Base,
			);
			mainGroup = 29B97314FDCFA39411CA2CEA /* CustomTemplate */;
			projectDirPath = "";
			projectReferences = (
				{
					ProductGroup = 301BF52E109A57CC0062928A /* Products */;
					ProjectRef = 301BF52D109A57CC0062928A /* CordovaLib.xcodeproj */;
				},
			);
			projectRoot = "";
			targets = (
				1D6058900D05DD3D006BFB54 /* biobeltMobile */,
			);
		};
/* End PBXProject section */

/* Begin PBXReferenceProxy section */
		301BF535109A57CC0062928A /* libCordova.a */ = {
			isa = PBXReferenceProxy;
			fileType = archive.ar;
			path = libCordova.a;
			remoteRef = 301BF534109A57CC0062928A /* PBXContainerItemProxy */;
			sourceTree = BUILT_PRODUCTS_DIR;
		};
		907D8124214C687600058A10 /* Cordova.framework */ = {
			isa = PBXReferenceProxy;
			fileType = wrapper.framework;
			path = Cordova.framework;
			remoteRef = 907D8123214C687600058A10 /* PBXContainerItemProxy */;
			sourceTree = BUILT_PRODUCTS_DIR;
		};
/* End PBXReferenceProxy section */

/* Begin PBXResourcesBuildPhase section */
		1D60588D0D05DD3D006BFB54 /* Resources */ = {
			isa = PBXResourcesBuildPhase;
			buildActionMask = 2147483647;
			files = (
				302D95F214D2391D003F00A1 /* MainViewController.xib in Resources */,
				0207DA581B56EA530066E2B4 /* Images.xcassets in Resources */,
				6AFF5BF91D6E424B00AB3073 /* CDVLaunchScreen.storyboard in Resources */,
				B545A4DB91A84AB096C160C0 /* scannerOverlay.xib in Resources */,
				344F5379DF5C4B34949676CA /* CDVBarcodeScanner.bundle in Resources */,
			);
			runOnlyForDeploymentPostprocessing = 0;
		};
/* End PBXResourcesBuildPhase section */

/* Begin PBXShellScriptBuildPhase section */
		304B58A110DAC018002A0835 /* Copy www directory */ = {
			isa = PBXShellScriptBuildPhase;
			buildActionMask = 2147483647;
			files = (
			);
			inputPaths = (
			);
			name = "Copy www directory";
			outputPaths = (
			);
			runOnlyForDeploymentPostprocessing = 0;
			shellPath = /bin/sh;
			shellScript = "\"$SRCROOT/biobeltMobile/Scripts/copy-www-build-step.sh\"";
			showEnvVarsInLog = 0;
		};
/* End PBXShellScriptBuildPhase section */

/* Begin PBXSourcesBuildPhase section */
		1D60588E0D05DD3D006BFB54 /* Sources */ = {
			isa = PBXSourcesBuildPhase;
			buildActionMask = 2147483647;
			files = (
				1D60589B0D05DD56006BFB54 /* main.m in Sources */,
				1D3623260D0F684500981E51 /* AppDelegate.m in Sources */,
				302D95F114D2391D003F00A1 /* MainViewController.m in Sources */,
				312B536F094740FA9B828095 /* GCDAsyncSocket.m in Sources */,
				B4C006C68E5B4616A5532D1D /* GCDAsyncUdpSocket.m in Sources */,
				947176F535D640949E81E92F /* ChromeSocketsTcp.m in Sources */,
				0D1913A305714FC18F84E943 /* CDVDevice.m in Sources */,
				F7DB0756957E4A94ACDD58E6 /* CDVIonicKeyboard.m in Sources */,
				9C7B4D38895C432A8D59A5D5 /* CDVWKWebViewEngine.m in Sources */,
				264D3407CC0A4651A571B1E2 /* CDVWKWebViewUIDelegate.m in Sources */,
				02013648CAB543C98D8C5F7F /* CDVWKProcessPoolFactory.m in Sources */,
				850D25A70E78484897AD7F55 /* IONAssetHandler.m in Sources */,
				094DF9692ECD42DA8CF158B2 /* CDVSplashScreen.m in Sources */,
				53E8A8B1CD3D46BA81800F2D /* CDVViewController+SplashScreen.m in Sources */,
				C15A693B1FFD4388B577452E /* CDVStatusBar.m in Sources */,
				2E7AD8489ED841ECAB7D686C /* SQLitePlugin.m in Sources */,
				03A947664D7942989923F987 /* CustomPSPDFThreadSafeMutableDictionary.m in Sources */,
				72DBDFFA27EB45D6A3A0DCA8 /* sqlite3.c in Sources */,
				E3BEDFF58F7042058CD48764 /* CDVBarcodeScanner.mm in Sources */,
				989BF3CD6D8245A490E22E6C /* CDVConnection.m in Sources */,
				5D41872EBD304E429B032B37 /* CDVReachability.m in Sources */,
				8A3520478A8D4410B847800E /* WifiWizard2.m in Sources */,
				EE1816E6749748D7B1DE2611 /* CDVLocation.m in Sources */,
			);
			runOnlyForDeploymentPostprocessing = 0;
		};
/* End PBXSourcesBuildPhase section */

/* Begin PBXTargetDependency section */
		301BF551109A68C00062928A /* PBXTargetDependency */ = {
			isa = PBXTargetDependency;
			name = CordovaLib;
			targetProxy = 301BF550109A68C00062928A /* PBXContainerItemProxy */;
		};
/* End PBXTargetDependency section */

/* Begin XCBuildConfiguration section */
		1D6058940D05DD3E006BFB54 /* Debug */ = {
			isa = XCBuildConfiguration;
			baseConfigurationReference = 3047A50F1AB8059700498E2A /* build-debug.xcconfig */;
			buildSettings = {
				ALWAYS_SEARCH_USER_PATHS = NO;
				ASSETCATALOG_COMPILER_APPICON_NAME = AppIcon;
				ASSETCATALOG_COMPILER_LAUNCHIMAGE_NAME = LaunchImage;
				CLANG_ENABLE_MODULES = YES;
				CLANG_ENABLE_OBJC_ARC = YES;
				CODE_SIGN_IDENTITY = "Apple Development";
				CODE_SIGN_STYLE = Automatic;
				COPY_PHASE_STRIP = NO;
				CURRENT_PROJECT_VERSION = 0.0.9;
				DEVELOPMENT_TEAM = EFM6KH9MPU;
				GCC_DYNAMIC_NO_PIC = NO;
				GCC_OPTIMIZATION_LEVEL = 0;
				GCC_PRECOMPILE_PREFIX_HEADER = YES;
				GCC_PREFIX_HEADER = "biobeltMobile/biobeltMobile-Prefix.pch";
				GCC_THUMB_SUPPORT = NO;
				GCC_VERSION = "";
				INFOPLIST_FILE = "biobeltMobile/biobeltMobile-Info.plist";
				IPHONEOS_DEPLOYMENT_TARGET = 11.0;
				LD_RUNPATH_SEARCH_PATHS = "@executable_path/Frameworks";
				MARKETING_VERSION = 0.0.9;
				PRODUCT_BUNDLE_IDENTIFIER = io.ionic.biobeltmobile2;
				PRODUCT_NAME = "$(TARGET_NAME)";
				PROVISIONING_PROFILE_SPECIFIER = "";
				TARGETED_DEVICE_FAMILY = "1,2";
				WK_WEB_VIEW_ONLY = 1;
			};
			name = Debug;
		};
		1D6058950D05DD3E006BFB54 /* Release */ = {
			isa = XCBuildConfiguration;
			baseConfigurationReference = 3047A5101AB8059700498E2A /* build-release.xcconfig */;
			buildSettings = {
				ALWAYS_SEARCH_USER_PATHS = NO;
				ASSETCATALOG_COMPILER_APPICON_NAME = AppIcon;
				ASSETCATALOG_COMPILER_LAUNCHIMAGE_NAME = LaunchImage;
				CLANG_ENABLE_MODULES = YES;
				CLANG_ENABLE_OBJC_ARC = YES;
				CODE_SIGN_IDENTITY = "Apple Development";
				CODE_SIGN_STYLE = Automatic;
				COPY_PHASE_STRIP = YES;
				CURRENT_PROJECT_VERSION = 0.0.9;
				DEVELOPMENT_TEAM = EFM6KH9MPU;
				GCC_PRECOMPILE_PREFIX_HEADER = YES;
				GCC_PREFIX_HEADER = "biobeltMobile/biobeltMobile-Prefix.pch";
				GCC_THUMB_SUPPORT = NO;
				GCC_VERSION = "";
				INFOPLIST_FILE = "biobeltMobile/biobeltMobile-Info.plist";
				IPHONEOS_DEPLOYMENT_TARGET = 11.0;
				LD_RUNPATH_SEARCH_PATHS = "@executable_path/Frameworks";
				MARKETING_VERSION = 0.0.9;
				PRODUCT_BUNDLE_IDENTIFIER = io.ionic.biobeltmobile2;
				PRODUCT_NAME = "$(TARGET_NAME)";
				PROVISIONING_PROFILE_SPECIFIER = "";
				TARGETED_DEVICE_FAMILY = "1,2";
				WK_WEB_VIEW_ONLY = 1;
			};
			name = Release;
		};
		C01FCF4F08A954540054247B /* Debug */ = {
			isa = XCBuildConfiguration;
			baseConfigurationReference = 3047A5111AB8059700498E2A /* build.xcconfig */;
			buildSettings = {
				CLANG_ENABLE_MODULES = YES;
				CLANG_ENABLE_OBJC_ARC = YES;
				CLANG_WARN_BLOCK_CAPTURE_AUTORELEASING = YES;
				CLANG_WARN_BOOL_CONVERSION = YES;
				CLANG_WARN_COMMA = YES;
				CLANG_WARN_CONSTANT_CONVERSION = YES;
				CLANG_WARN_DEPRECATED_OBJC_IMPLEMENTATIONS = YES;
				CLANG_WARN_EMPTY_BODY = YES;
				CLANG_WARN_ENUM_CONVERSION = YES;
				CLANG_WARN_INFINITE_RECURSION = YES;
				CLANG_WARN_INT_CONVERSION = YES;
				CLANG_WARN_NON_LITERAL_NULL_CONVERSION = YES;
				CLANG_WARN_OBJC_IMPLICIT_RETAIN_SELF = YES;
				CLANG_WARN_OBJC_LITERAL_CONVERSION = YES;
				CLANG_WARN_RANGE_LOOP_ANALYSIS = YES;
				CLANG_WARN_STRICT_PROTOTYPES = YES;
				CLANG_WARN_SUSPICIOUS_MOVE = YES;
				CLANG_WARN_UNREACHABLE_CODE = YES;
				CLANG_WARN__DUPLICATE_METHOD_MATCH = YES;
				ENABLE_STRICT_OBJC_MSGSEND = YES;
				ENABLE_TESTABILITY = YES;
				GCC_C_LANGUAGE_STANDARD = c99;
				GCC_NO_COMMON_BLOCKS = YES;
				GCC_THUMB_SUPPORT = NO;
				GCC_VERSION = "";
				GCC_WARN_64_TO_32_BIT_CONVERSION = YES;
				GCC_WARN_ABOUT_RETURN_TYPE = YES;
				GCC_WARN_UNDECLARED_SELECTOR = YES;
				GCC_WARN_UNINITIALIZED_AUTOS = YES;
				GCC_WARN_UNUSED_FUNCTION = YES;
				GCC_WARN_UNUSED_VARIABLE = YES;
				IPHONEOS_DEPLOYMENT_TARGET = 11.0;
				ONLY_ACTIVE_ARCH = YES;
				PRODUCT_BUNDLE_IDENTIFIER = io.ionic.starter;
				SDKROOT = iphoneos;
				SKIP_INSTALL = NO;
				WK_WEB_VIEW_ONLY = 1;
			};
			name = Debug;
		};
		C01FCF5008A954540054247B /* Release */ = {
			isa = XCBuildConfiguration;
			baseConfigurationReference = 3047A5111AB8059700498E2A /* build.xcconfig */;
			buildSettings = {
				CLANG_ENABLE_MODULES = YES;
				CLANG_ENABLE_OBJC_ARC = YES;
				CLANG_WARN_BLOCK_CAPTURE_AUTORELEASING = YES;
				CLANG_WARN_BOOL_CONVERSION = YES;
				CLANG_WARN_COMMA = YES;
				CLANG_WARN_CONSTANT_CONVERSION = YES;
				CLANG_WARN_DEPRECATED_OBJC_IMPLEMENTATIONS = YES;
				CLANG_WARN_EMPTY_BODY = YES;
				CLANG_WARN_ENUM_CONVERSION = YES;
				CLANG_WARN_INFINITE_RECURSION = YES;
				CLANG_WARN_INT_CONVERSION = YES;
				CLANG_WARN_NON_LITERAL_NULL_CONVERSION = YES;
				CLANG_WARN_OBJC_IMPLICIT_RETAIN_SELF = YES;
				CLANG_WARN_OBJC_LITERAL_CONVERSION = YES;
				CLANG_WARN_RANGE_LOOP_ANALYSIS = YES;
				CLANG_WARN_STRICT_PROTOTYPES = YES;
				CLANG_WARN_SUSPICIOUS_MOVE = YES;
				CLANG_WARN_UNREACHABLE_CODE = YES;
				CLANG_WARN__DUPLICATE_METHOD_MATCH = YES;
				ENABLE_STRICT_OBJC_MSGSEND = YES;
				GCC_C_LANGUAGE_STANDARD = c99;
				GCC_NO_COMMON_BLOCKS = YES;
				GCC_THUMB_SUPPORT = NO;
				GCC_VERSION = "";
				GCC_WARN_64_TO_32_BIT_CONVERSION = YES;
				GCC_WARN_ABOUT_RETURN_TYPE = YES;
				GCC_WARN_UNDECLARED_SELECTOR = YES;
				GCC_WARN_UNINITIALIZED_AUTOS = YES;
				GCC_WARN_UNUSED_FUNCTION = YES;
				GCC_WARN_UNUSED_VARIABLE = YES;
				IPHONEOS_DEPLOYMENT_TARGET = 11.0;
				PRODUCT_BUNDLE_IDENTIFIER = io.ionic.starter;
				SDKROOT = iphoneos;
				SKIP_INSTALL = NO;
				WK_WEB_VIEW_ONLY = 1;
			};
			name = Release;
		};
/* End XCBuildConfiguration section */

/* Begin XCConfigurationList section */
		1D6058960D05DD3E006BFB54 /* Build configuration list for PBXNativeTarget "biobeltMobile" */ = {
			isa = XCConfigurationList;
			buildConfigurations = (
				1D6058940D05DD3E006BFB54 /* Debug */,
				1D6058950D05DD3E006BFB54 /* Release */,
			);
			defaultConfigurationIsVisible = 0;
			defaultConfigurationName = Release;
		};
		C01FCF4E08A954540054247B /* Build configuration list for PBXProject "biobeltMobile" */ = {
			isa = XCConfigurationList;
			buildConfigurations = (
				C01FCF4F08A954540054247B /* Debug */,
				C01FCF5008A954540054247B /* Release */,
			);
			defaultConfigurationIsVisible = 0;
			defaultConfigurationName = Release;
		};
/* End XCConfigurationList section */
	};
	rootObject = 29B97313FDCFA39411CA2CEA /* Project object */;
}
